
Microsoft Visual Studio Solution File, Format Version 12.00
# Visual Studio Version 17
VisualStudioVersion = 17.7.34202.233
MinimumVisualStudioVersion = 10.0.40219.1
Project("{FAE04EC0-301F-11D3-BF4B-00C04F79EFBC}") = "Backend_API", "Backend_API\Backend_API.csproj", "{8897C408-3E5D-4D09-ACBB-E3D9FFE80F8A}"
EndProject
Global
	GlobalSection(SolutionConfigurationPlatforms) = preSolution
		Debug|Any CPU = Debug|Any CPU
		Release|Any CPU = Release|Any CPU
	EndGlobalSection
	GlobalSection(ProjectConfigurationPlatforms) = postSolution
		{8897C408-3E5D-4D09-ACBB-E3D9FFE80F8A}.Debug|Any CPU.ActiveCfg = Debug|Any CPU
		{8897C408-3E5D-4D09-ACBB-E3D9FFE80F8A}.Debug|Any CPU.Build.0 = Debug|Any CPU
		{8897C408-3E5D-4D09-ACBB-E3D9FFE80F8A}.Release|Any CPU.ActiveCfg = Release|Any CPU
		{8897C408-3E5D-4D09-ACBB-E3D9FFE80F8A}.Release|Any CPU.Build.0 = Release|Any CPU
	EndGlobalSection
	GlobalSection(SolutionProperties) = preSolution
		HideSolutionNode = FALSE
	EndGlobalSection
	GlobalSection(ExtensibilityGlobals) = postSolution
		SolutionGuid = {2C5A1FAE-2482-4225-9DD4-9703415A2F5B}
	EndGlobalSection
EndGlobal
